
Microsoft Visual Studio Solution File, Format Version 12.00
# Visual Studio 2012
Project("{FAE04EC0-301F-11D3-BF4B-00C04F79EFBC}") = "LibGit2Sharp.Voron", "LibGit2Sharp.Voron\LibGit2Sharp.Voron.csproj", "{4339EA0F-8413-463F-A88E-22DB0026FB27}"
EndProject
Project("{FAE04EC0-301F-11D3-BF4B-00C04F79EFBC}") = "LibGit2Sharp.Voron.Tests", "LibGit2Sharp.Voron.Tests\LibGit2Sharp.Voron.Tests.csproj", "{95365EA3-DEA0-4D04-8807-BF330788DFBB}"
EndProject
Global
	GlobalSection(SolutionConfigurationPlatforms) = preSolution
		Debug|Any CPU = Debug|Any CPU
		Release|Any CPU = Release|Any CPU
	EndGlobalSection
	GlobalSection(ProjectConfigurationPlatforms) = postSolution
		{4339EA0F-8413-463F-A88E-22DB0026FB27}.Debug|Any CPU.ActiveCfg = Debug|Any CPU
		{4339EA0F-8413-463F-A88E-22DB0026FB27}.Debug|Any CPU.Build.0 = Debug|Any CPU
		{4339EA0F-8413-463F-A88E-22DB0026FB27}.Release|Any CPU.ActiveCfg = Release|Any CPU
		{4339EA0F-8413-463F-A88E-22DB0026FB27}.Release|Any CPU.Build.0 = Release|Any CPU
		{95365EA3-DEA0-4D04-8807-BF330788DFBB}.Debug|Any CPU.ActiveCfg = Debug|Any CPU
		{95365EA3-DEA0-4D04-8807-BF330788DFBB}.Debug|Any CPU.Build.0 = Debug|Any CPU
		{95365EA3-DEA0-4D04-8807-BF330788DFBB}.Release|Any CPU.ActiveCfg = Release|Any CPU
		{95365EA3-DEA0-4D04-8807-BF330788DFBB}.Release|Any CPU.Build.0 = Release|Any CPU
	EndGlobalSection
	GlobalSection(SolutionProperties) = preSolution
		HideSolutionNode = FALSE
	EndGlobalSection
EndGlobal
